// !$*UTF8*$!
{
	archiveVersion = 1;
	classes = {
	};
	objectVersion = 55;
	objects = {

/* Begin PBXBuildFile section */
		7D3DFB1528DDF696005A13F3 /* ImagesListCell.swift in Sources */ = {isa = PBXBuildFile; fileRef = 7D3DFB1328DDF696005A13F3 /* ImagesListCell.swift */; };
		7D3DFB1628DDF696005A13F3 /* ImagesListViewController.swift in Sources */ = {isa = PBXBuildFile; fileRef = 7D3DFB1428DDF696005A13F3 /* ImagesListViewController.swift */; };
		7D9CFA4328DDEE7F00D971A7 /* AppDelegate.swift in Sources */ = {isa = PBXBuildFile; fileRef = 7D9CFA4228DDEE7F00D971A7 /* AppDelegate.swift */; };
		7D9CFA4528DDEE7F00D971A7 /* SceneDelegate.swift in Sources */ = {isa = PBXBuildFile; fileRef = 7D9CFA4428DDEE7F00D971A7 /* SceneDelegate.swift */; };
		7D9CFA4A28DDEE7F00D971A7 /* Main.storyboard in Resources */ = {isa = PBXBuildFile; fileRef = 7D9CFA4828DDEE7F00D971A7 /* Main.storyboard */; };
		7D9CFA4C28DDEE8000D971A7 /* Assets.xcassets in Resources */ = {isa = PBXBuildFile; fileRef = 7D9CFA4B28DDEE8000D971A7 /* Assets.xcassets */; };
		7D9CFA4F28DDEE8000D971A7 /* LaunchScreen.storyboard in Resources */ = {isa = PBXBuildFile; fileRef = 7D9CFA4D28DDEE8000D971A7 /* LaunchScreen.storyboard */; };
		C90755C72CCCDB840054138A /* ProfileModels.swift in Sources */ = {isa = PBXBuildFile; fileRef = C90755C62CCCDB840054138A /* ProfileModels.swift */; };
		C90755C92CCD053F0054138A /* ProfileImageModels.swift in Sources */ = {isa = PBXBuildFile; fileRef = C90755C82CCD053F0054138A /* ProfileImageModels.swift */; };
		C90D93CC2C8787A40001B9BB /* ProfileViewController.swift in Sources */ = {isa = PBXBuildFile; fileRef = C90D93CB2C8787A40001B9BB /* ProfileViewController.swift */; };
		C932B5602CC39B2700D8859F /* SnakeCaseJSONDecoder.swift in Sources */ = {isa = PBXBuildFile; fileRef = C932B55F2CC39B2700D8859F /* SnakeCaseJSONDecoder.swift */; };
		C932B5FE2CC3F8D000D8859F /* ProfileImageService.swift in Sources */ = {isa = PBXBuildFile; fileRef = C932B5FD2CC3F8D000D8859F /* ProfileImageService.swift */; };
		C94CE9C42CB58EE3002831B3 /* ProgressHUD in Frameworks */ = {isa = PBXBuildFile; productRef = C94CE9C32CB58EE3002831B3 /* ProgressHUD */; };
		C94CE9C62CB85291002831B3 /* UIBlockingProgressHUD.swift in Sources */ = {isa = PBXBuildFile; fileRef = C94CE9C52CB85291002831B3 /* UIBlockingProgressHUD.swift */; };
		C94CE9C82CBB03E9002831B3 /* ProfileService.swift in Sources */ = {isa = PBXBuildFile; fileRef = C94CE9C72CBB03E9002831B3 /* ProfileService.swift */; };
		C974D6982CC5619400665CC2 /* Kingfisher in Frameworks */ = {isa = PBXBuildFile; productRef = C974D6972CC5619400665CC2 /* Kingfisher */; };
		C974D7372CC82C0F00665CC2 /* SwiftKeychainWrapper in Frameworks */ = {isa = PBXBuildFile; productRef = C974D7362CC82C0F00665CC2 /* SwiftKeychainWrapper */; };
		C9903AAD2CC8388C00C87742 /* TabBarController.swift in Sources */ = {isa = PBXBuildFile; fileRef = C9903AAC2CC8388C00C87742 /* TabBarController.swift */; };
		C9ECFAE42C8A3A97000F7A41 /* SingleImageViewController.swift in Sources */ = {isa = PBXBuildFile; fileRef = C9ECFAE32C8A3A97000F7A41 /* SingleImageViewController.swift */; };
		C9F3E9B82C9CA1BB0026BB8F /* Constants.swift in Sources */ = {isa = PBXBuildFile; fileRef = C9F3E9B72C9CA1BB0026BB8F /* Constants.swift */; };
		C9F3E9BA2CA153EC0026BB8F /* AuthViewController.swift in Sources */ = {isa = PBXBuildFile; fileRef = C9F3E9B92CA153EC0026BB8F /* AuthViewController.swift */; };
		C9F3E9C02CA157700026BB8F /* WebViewViewController.swift in Sources */ = {isa = PBXBuildFile; fileRef = C9F3E9BF2CA157700026BB8F /* WebViewViewController.swift */; };
		C9F3EA012CA3628E0026BB8F /* OAuth2Service.swift in Sources */ = {isa = PBXBuildFile; fileRef = C9F3EA002CA3628E0026BB8F /* OAuth2Service.swift */; };
		C9F3EA232CA366980026BB8F /* OAuth2TokenStorage.swift in Sources */ = {isa = PBXBuildFile; fileRef = C9F3EA222CA366980026BB8F /* OAuth2TokenStorage.swift */; };
		C9F3EA282CA3EFF60026BB8F /* WebViewViewControllerDelegate.swift in Sources */ = {isa = PBXBuildFile; fileRef = C9F3EA272CA3EFF60026BB8F /* WebViewViewControllerDelegate.swift */; };
		C9F3EA2B2CA424EF0026BB8F /* OAuth2ServiceConstants.swift in Sources */ = {isa = PBXBuildFile; fileRef = C9F3EA2A2CA424EF0026BB8F /* OAuth2ServiceConstants.swift */; };
		C9F3EA2D2CA438F40026BB8F /* OAuthTokenResponseBody.swift in Sources */ = {isa = PBXBuildFile; fileRef = C9F3EA2C2CA438F40026BB8F /* OAuthTokenResponseBody.swift */; };
		C9F3EA302CA449700026BB8F /* URLSession+data.swift in Sources */ = {isa = PBXBuildFile; fileRef = C9F3EA2F2CA449700026BB8F /* URLSession+data.swift */; };
		C9F3EA332CA9EE410026BB8F /* SplashViewController.swift in Sources */ = {isa = PBXBuildFile; fileRef = C9F3EA322CA9EE410026BB8F /* SplashViewController.swift */; };
/* End PBXBuildFile section */

/* Begin PBXFileReference section */
		7D3DFB1328DDF696005A13F3 /* ImagesListCell.swift */ = {isa = PBXFileReference; fileEncoding = 4; lastKnownFileType = sourcecode.swift; path = ImagesListCell.swift; sourceTree = "<group>"; };
		7D3DFB1428DDF696005A13F3 /* ImagesListViewController.swift */ = {isa = PBXFileReference; fileEncoding = 4; lastKnownFileType = sourcecode.swift; path = ImagesListViewController.swift; sourceTree = "<group>"; };
		7D9CFA3F28DDEE7F00D971A7 /* Image Feed.app */ = {isa = PBXFileReference; explicitFileType = wrapper.application; includeInIndex = 0; path = "Image Feed.app"; sourceTree = BUILT_PRODUCTS_DIR; };
		7D9CFA4228DDEE7F00D971A7 /* AppDelegate.swift */ = {isa = PBXFileReference; lastKnownFileType = sourcecode.swift; path = AppDelegate.swift; sourceTree = "<group>"; };
		7D9CFA4428DDEE7F00D971A7 /* SceneDelegate.swift */ = {isa = PBXFileReference; lastKnownFileType = sourcecode.swift; path = SceneDelegate.swift; sourceTree = "<group>"; };
		7D9CFA4928DDEE7F00D971A7 /* Base */ = {isa = PBXFileReference; lastKnownFileType = file.storyboard; name = Base; path = Base.lproj/Main.storyboard; sourceTree = "<group>"; };
		7D9CFA4B28DDEE8000D971A7 /* Assets.xcassets */ = {isa = PBXFileReference; lastKnownFileType = folder.assetcatalog; path = Assets.xcassets; sourceTree = "<group>"; };
		7D9CFA4E28DDEE8000D971A7 /* Base */ = {isa = PBXFileReference; lastKnownFileType = file.storyboard; name = Base; path = Base.lproj/LaunchScreen.storyboard; sourceTree = "<group>"; };
		7D9CFA5028DDEE8000D971A7 /* Info.plist */ = {isa = PBXFileReference; lastKnownFileType = text.plist.xml; path = Info.plist; sourceTree = "<group>"; };
		C90755C62CCCDB840054138A /* ProfileModels.swift */ = {isa = PBXFileReference; lastKnownFileType = sourcecode.swift; path = ProfileModels.swift; sourceTree = "<group>"; };
		C90755C82CCD053F0054138A /* ProfileImageModels.swift */ = {isa = PBXFileReference; lastKnownFileType = sourcecode.swift; path = ProfileImageModels.swift; sourceTree = "<group>"; };
		C90D93CB2C8787A40001B9BB /* ProfileViewController.swift */ = {isa = PBXFileReference; lastKnownFileType = sourcecode.swift; path = ProfileViewController.swift; sourceTree = "<group>"; };
		C932B55F2CC39B2700D8859F /* SnakeCaseJSONDecoder.swift */ = {isa = PBXFileReference; lastKnownFileType = sourcecode.swift; path = SnakeCaseJSONDecoder.swift; sourceTree = "<group>"; };
		C932B5FD2CC3F8D000D8859F /* ProfileImageService.swift */ = {isa = PBXFileReference; lastKnownFileType = sourcecode.swift; path = ProfileImageService.swift; sourceTree = "<group>"; };
		C94CE9C52CB85291002831B3 /* UIBlockingProgressHUD.swift */ = {isa = PBXFileReference; lastKnownFileType = sourcecode.swift; path = UIBlockingProgressHUD.swift; sourceTree = "<group>"; };
		C94CE9C72CBB03E9002831B3 /* ProfileService.swift */ = {isa = PBXFileReference; lastKnownFileType = sourcecode.swift; path = ProfileService.swift; sourceTree = "<group>"; };
		C9903AAC2CC8388C00C87742 /* TabBarController.swift */ = {isa = PBXFileReference; lastKnownFileType = sourcecode.swift; path = TabBarController.swift; sourceTree = "<group>"; };
		C9ECFAE32C8A3A97000F7A41 /* SingleImageViewController.swift */ = {isa = PBXFileReference; lastKnownFileType = sourcecode.swift; path = SingleImageViewController.swift; sourceTree = "<group>"; };
		C9F3E9B72C9CA1BB0026BB8F /* Constants.swift */ = {isa = PBXFileReference; lastKnownFileType = sourcecode.swift; path = Constants.swift; sourceTree = "<group>"; };
		C9F3E9B92CA153EC0026BB8F /* AuthViewController.swift */ = {isa = PBXFileReference; lastKnownFileType = sourcecode.swift; path = AuthViewController.swift; sourceTree = "<group>"; };
		C9F3E9BF2CA157700026BB8F /* WebViewViewController.swift */ = {isa = PBXFileReference; lastKnownFileType = sourcecode.swift; path = WebViewViewController.swift; sourceTree = "<group>"; };
		C9F3EA002CA3628E0026BB8F /* OAuth2Service.swift */ = {isa = PBXFileReference; lastKnownFileType = sourcecode.swift; path = OAuth2Service.swift; sourceTree = "<group>"; };
		C9F3EA222CA366980026BB8F /* OAuth2TokenStorage.swift */ = {isa = PBXFileReference; lastKnownFileType = sourcecode.swift; path = OAuth2TokenStorage.swift; sourceTree = "<group>"; };
		C9F3EA272CA3EFF60026BB8F /* WebViewViewControllerDelegate.swift */ = {isa = PBXFileReference; lastKnownFileType = sourcecode.swift; path = WebViewViewControllerDelegate.swift; sourceTree = "<group>"; };
		C9F3EA2A2CA424EF0026BB8F /* OAuth2ServiceConstants.swift */ = {isa = PBXFileReference; lastKnownFileType = sourcecode.swift; path = OAuth2ServiceConstants.swift; sourceTree = "<group>"; };
		C9F3EA2C2CA438F40026BB8F /* OAuthTokenResponseBody.swift */ = {isa = PBXFileReference; lastKnownFileType = sourcecode.swift; path = OAuthTokenResponseBody.swift; sourceTree = "<group>"; };
		C9F3EA2F2CA449700026BB8F /* URLSession+data.swift */ = {isa = PBXFileReference; lastKnownFileType = sourcecode.swift; path = "URLSession+data.swift"; sourceTree = "<group>"; };
		C9F3EA322CA9EE410026BB8F /* SplashViewController.swift */ = {isa = PBXFileReference; lastKnownFileType = sourcecode.swift; path = SplashViewController.swift; sourceTree = "<group>"; };
/* End PBXFileReference section */

/* Begin PBXFrameworksBuildPhase section */
		7D9CFA3C28DDEE7F00D971A7 /* Frameworks */ = {
			isa = PBXFrameworksBuildPhase;
			buildActionMask = 2147483647;
			files = (
				C974D6982CC5619400665CC2 /* Kingfisher in Frameworks */,
				C94CE9C42CB58EE3002831B3 /* ProgressHUD in Frameworks */,
				C974D7372CC82C0F00665CC2 /* SwiftKeychainWrapper in Frameworks */,
			);
			runOnlyForDeploymentPostprocessing = 0;
		};
/* End PBXFrameworksBuildPhase section */

/* Begin PBXGroup section */
		7D9CFA3628DDEE7F00D971A7 = {
			isa = PBXGroup;
			children = (
				7D9CFA4128DDEE7F00D971A7 /* Image Feed */,
				7D9CFA4028DDEE7F00D971A7 /* Products */,
			);
			sourceTree = "<group>";
		};
		7D9CFA4028DDEE7F00D971A7 /* Products */ = {
			isa = PBXGroup;
			children = (
				7D9CFA3F28DDEE7F00D971A7 /* Image Feed.app */,
			);
			name = Products;
			sourceTree = "<group>";
		};
		7D9CFA4128DDEE7F00D971A7 /* Image Feed */ = {
			isa = PBXGroup;
			children = (
				C9903AAB2CC8387000C87742 /* Controllers */,
				C9F3EA2E2CA4494F0026BB8F /* Extension */,
				C9F3EA292CA3F01B0026BB8F /* Constants */,
				C9F3EA242CA3EFB90026BB8F /* Delegate */,
				C9F3E9FF2CA3625C0026BB8F /* OAuth */,
				C9F3E9BE2CA156C90026BB8F /* ImageList */,
				7D9CFA5A28DDF66900D971A7 /* Profile */,
				7D9CFA4828DDEE7F00D971A7 /* Main.storyboard */,
				7D9CFA4B28DDEE8000D971A7 /* Assets.xcassets */,
				7D9CFA4D28DDEE8000D971A7 /* LaunchScreen.storyboard */,
				7D9CFA5028DDEE8000D971A7 /* Info.plist */,
			);
			path = "Image Feed";
			sourceTree = "<group>";
		};
		7D9CFA5A28DDF66900D971A7 /* Profile */ = {
			isa = PBXGroup;
			children = (
				C94CE9C72CBB03E9002831B3 /* ProfileService.swift */,
				C90755C62CCCDB840054138A /* ProfileModels.swift */,
				C932B5FD2CC3F8D000D8859F /* ProfileImageService.swift */,
				C90755C82CCD053F0054138A /* ProfileImageModels.swift */,
			);
			path = Profile;
			sourceTree = "<group>";
		};
		C9903AAB2CC8387000C87742 /* Controllers */ = {
			isa = PBXGroup;
			children = (
				C9903AAC2CC8388C00C87742 /* TabBarController.swift */,
				C9F3EA322CA9EE410026BB8F /* SplashViewController.swift */,
				C9F3E9B92CA153EC0026BB8F /* AuthViewController.swift */,
				C9ECFAE32C8A3A97000F7A41 /* SingleImageViewController.swift */,
				C9F3E9BF2CA157700026BB8F /* WebViewViewController.swift */,
				C90D93CB2C8787A40001B9BB /* ProfileViewController.swift */,
			);
			path = Controllers;
			sourceTree = "<group>";
		};
		C9F3E9BE2CA156C90026BB8F /* ImageList */ = {
			isa = PBXGroup;
			children = (
				7D3DFB1428DDF696005A13F3 /* ImagesListViewController.swift */,
				7D3DFB1328DDF696005A13F3 /* ImagesListCell.swift */,
			);
			path = ImageList;
			sourceTree = "<group>";
		};
		C9F3E9FF2CA3625C0026BB8F /* OAuth */ = {
			isa = PBXGroup;
			children = (
				C9F3EA002CA3628E0026BB8F /* OAuth2Service.swift */,
				C9F3EA222CA366980026BB8F /* OAuth2TokenStorage.swift */,
				C9F3EA2A2CA424EF0026BB8F /* OAuth2ServiceConstants.swift */,
				C9F3EA2C2CA438F40026BB8F /* OAuthTokenResponseBody.swift */,
			);
			path = OAuth;
			sourceTree = "<group>";
		};
		C9F3EA242CA3EFB90026BB8F /* Delegate */ = {
			isa = PBXGroup;
			children = (
				C9F3EA272CA3EFF60026BB8F /* WebViewViewControllerDelegate.swift */,
			);
			path = Delegate;
			sourceTree = "<group>";
		};
		C9F3EA292CA3F01B0026BB8F /* Constants */ = {
			isa = PBXGroup;
			children = (
				7D9CFA4228DDEE7F00D971A7 /* AppDelegate.swift */,
				7D9CFA4428DDEE7F00D971A7 /* SceneDelegate.swift */,
				C9F3E9B72C9CA1BB0026BB8F /* Constants.swift */,
			);
			path = Constants;
			sourceTree = "<group>";
		};
		C9F3EA2E2CA4494F0026BB8F /* Extension */ = {
			isa = PBXGroup;
			children = (
				C9F3EA2F2CA449700026BB8F /* URLSession+data.swift */,
				C932B55F2CC39B2700D8859F /* SnakeCaseJSONDecoder.swift */,
				C94CE9C52CB85291002831B3 /* UIBlockingProgressHUD.swift */,
			);
			path = Extension;
			sourceTree = "<group>";
		};
/* End PBXGroup section */

/* Begin PBXNativeTarget section */
		7D9CFA3E28DDEE7F00D971A7 /* Image Feed */ = {
			isa = PBXNativeTarget;
			buildConfigurationList = 7D9CFA5328DDEE8000D971A7 /* Build configuration list for PBXNativeTarget "Image Feed" */;
			buildPhases = (
				7D9CFA3B28DDEE7F00D971A7 /* Sources */,
				7D9CFA3C28DDEE7F00D971A7 /* Frameworks */,
				7D9CFA3D28DDEE7F00D971A7 /* Resources */,
			);
			buildRules = (
			);
			dependencies = (
			);
			name = "Image Feed";
			productName = "Image Feed";
			productReference = 7D9CFA3F28DDEE7F00D971A7 /* Image Feed.app */;
			productType = "com.apple.product-type.application";
		};
/* End PBXNativeTarget section */

/* Begin PBXProject section */
		7D9CFA3728DDEE7F00D971A7 /* Project object */ = {
			isa = PBXProject;
			attributes = {
				BuildIndependentTargetsInParallel = 1;
				LastSwiftUpdateCheck = 1340;
				LastUpgradeCheck = 1340;
				TargetAttributes = {
					7D9CFA3E28DDEE7F00D971A7 = {
						CreatedOnToolsVersion = 13.4.1;
					};
				};
			};
			buildConfigurationList = 7D9CFA3A28DDEE7F00D971A7 /* Build configuration list for PBXProject "Image Feed" */;
			compatibilityVersion = "Xcode 13.0";
			developmentRegion = en;
			hasScannedForEncodings = 0;
			knownRegions = (
				en,
				Base,
			);
			mainGroup = 7D9CFA3628DDEE7F00D971A7;
			packageReferences = (
				C94CE9C22CB58EE3002831B3 /* XCRemoteSwiftPackageReference "ProgressHUD" */,
				C974D6962CC5619400665CC2 /* XCRemoteSwiftPackageReference "Kingfisher" */,
				C974D7352CC82C0F00665CC2 /* XCRemoteSwiftPackageReference "SwiftKeychainWrapper" */,
			);
			productRefGroup = 7D9CFA4028DDEE7F00D971A7 /* Products */;
			projectDirPath = "";
			projectRoot = "";
			targets = (
				7D9CFA3E28DDEE7F00D971A7 /* Image Feed */,
			);
		};
/* End PBXProject section */

/* Begin PBXResourcesBuildPhase section */
		7D9CFA3D28DDEE7F00D971A7 /* Resources */ = {
			isa = PBXResourcesBuildPhase;
			buildActionMask = 2147483647;
			files = (
				7D9CFA4F28DDEE8000D971A7 /* LaunchScreen.storyboard in Resources */,
				7D9CFA4C28DDEE8000D971A7 /* Assets.xcassets in Resources */,
				7D9CFA4A28DDEE7F00D971A7 /* Main.storyboard in Resources */,
			);
			runOnlyForDeploymentPostprocessing = 0;
		};
/* End PBXResourcesBuildPhase section */

/* Begin PBXSourcesBuildPhase section */
		7D9CFA3B28DDEE7F00D971A7 /* Sources */ = {
			isa = PBXSourcesBuildPhase;
			buildActionMask = 2147483647;
			files = (
				7D9CFA4328DDEE7F00D971A7 /* AppDelegate.swift in Sources */,
				C9F3EA2B2CA424EF0026BB8F /* OAuth2ServiceConstants.swift in Sources */,
				7D9CFA4528DDEE7F00D971A7 /* SceneDelegate.swift in Sources */,
				C90D93CC2C8787A40001B9BB /* ProfileViewController.swift in Sources */,
				7D3DFB1628DDF696005A13F3 /* ImagesListViewController.swift in Sources */,
				C9F3EA232CA366980026BB8F /* OAuth2TokenStorage.swift in Sources */,
				C932B5602CC39B2700D8859F /* SnakeCaseJSONDecoder.swift in Sources */,
				C9F3E9BA2CA153EC0026BB8F /* AuthViewController.swift in Sources */,
				C9F3E9B82C9CA1BB0026BB8F /* Constants.swift in Sources */,
				C9F3EA302CA449700026BB8F /* URLSession+data.swift in Sources */,
				C9ECFAE42C8A3A97000F7A41 /* SingleImageViewController.swift in Sources */,
				C9F3E9C02CA157700026BB8F /* WebViewViewController.swift in Sources */,
				C94CE9C82CBB03E9002831B3 /* ProfileService.swift in Sources */,
				C90755C72CCCDB840054138A /* ProfileModels.swift in Sources */,
				C9F3EA2D2CA438F40026BB8F /* OAuthTokenResponseBody.swift in Sources */,
				C9F3EA282CA3EFF60026BB8F /* WebViewViewControllerDelegate.swift in Sources */,
				C9F3EA012CA3628E0026BB8F /* OAuth2Service.swift in Sources */,
				7D3DFB1528DDF696005A13F3 /* ImagesListCell.swift in Sources */,
				C90755C92CCD053F0054138A /* ProfileImageModels.swift in Sources */,
				C932B5FE2CC3F8D000D8859F /* ProfileImageService.swift in Sources */,
				C9903AAD2CC8388C00C87742 /* TabBarController.swift in Sources */,
				C9F3EA332CA9EE410026BB8F /* SplashViewController.swift in Sources */,
				C94CE9C62CB85291002831B3 /* UIBlockingProgressHUD.swift in Sources */,
			);
			runOnlyForDeploymentPostprocessing = 0;
		};
/* End PBXSourcesBuildPhase section */

/* Begin PBXVariantGroup section */
		7D9CFA4828DDEE7F00D971A7 /* Main.storyboard */ = {
			isa = PBXVariantGroup;
			children = (
				7D9CFA4928DDEE7F00D971A7 /* Base */,
			);
			name = Main.storyboard;
			sourceTree = "<group>";
		};
		7D9CFA4D28DDEE8000D971A7 /* LaunchScreen.storyboard */ = {
			isa = PBXVariantGroup;
			children = (
				7D9CFA4E28DDEE8000D971A7 /* Base */,
			);
			name = LaunchScreen.storyboard;
			sourceTree = "<group>";
		};
/* End PBXVariantGroup section */

/* Begin XCBuildConfiguration section */
		7D9CFA5128DDEE8000D971A7 /* Debug */ = {
			isa = XCBuildConfiguration;
			buildSettings = {
				ALWAYS_SEARCH_USER_PATHS = NO;
				CLANG_ANALYZER_NONNULL = YES;
				CLANG_ANALYZER_NUMBER_OBJECT_CONVERSION = YES_AGGRESSIVE;
				CLANG_CXX_LANGUAGE_STANDARD = "gnu++17";
				CLANG_ENABLE_MODULES = YES;
				CLANG_ENABLE_OBJC_ARC = YES;
				CLANG_ENABLE_OBJC_WEAK = YES;
				CLANG_WARN_BLOCK_CAPTURE_AUTORELEASING = YES;
				CLANG_WARN_BOOL_CONVERSION = YES;
				CLANG_WARN_COMMA = YES;
				CLANG_WARN_CONSTANT_CONVERSION = YES;
				CLANG_WARN_DEPRECATED_OBJC_IMPLEMENTATIONS = YES;
				CLANG_WARN_DIRECT_OBJC_ISA_USAGE = YES_ERROR;
				CLANG_WARN_DOCUMENTATION_COMMENTS = YES;
				CLANG_WARN_EMPTY_BODY = YES;
				CLANG_WARN_ENUM_CONVERSION = YES;
				CLANG_WARN_INFINITE_RECURSION = YES;
				CLANG_WARN_INT_CONVERSION = YES;
				CLANG_WARN_NON_LITERAL_NULL_CONVERSION = YES;
				CLANG_WARN_OBJC_IMPLICIT_RETAIN_SELF = YES;
				CLANG_WARN_OBJC_LITERAL_CONVERSION = YES;
				CLANG_WARN_OBJC_ROOT_CLASS = YES_ERROR;
				CLANG_WARN_QUOTED_INCLUDE_IN_FRAMEWORK_HEADER = YES;
				CLANG_WARN_RANGE_LOOP_ANALYSIS = YES;
				CLANG_WARN_STRICT_PROTOTYPES = YES;
				CLANG_WARN_SUSPICIOUS_MOVE = YES;
				CLANG_WARN_UNGUARDED_AVAILABILITY = YES_AGGRESSIVE;
				CLANG_WARN_UNREACHABLE_CODE = YES;
				CLANG_WARN__DUPLICATE_METHOD_MATCH = YES;
				COPY_PHASE_STRIP = NO;
				DEBUG_INFORMATION_FORMAT = dwarf;
				ENABLE_STRICT_OBJC_MSGSEND = YES;
				ENABLE_TESTABILITY = YES;
				GCC_C_LANGUAGE_STANDARD = gnu11;
				GCC_DYNAMIC_NO_PIC = NO;
				GCC_NO_COMMON_BLOCKS = YES;
				GCC_OPTIMIZATION_LEVEL = 0;
				GCC_PREPROCESSOR_DEFINITIONS = (
					"DEBUG=1",
					"$(inherited)",
				);
				GCC_WARN_64_TO_32_BIT_CONVERSION = YES;
				GCC_WARN_ABOUT_RETURN_TYPE = YES_ERROR;
				GCC_WARN_UNDECLARED_SELECTOR = YES;
				GCC_WARN_UNINITIALIZED_AUTOS = YES_AGGRESSIVE;
				GCC_WARN_UNUSED_FUNCTION = YES;
				GCC_WARN_UNUSED_VARIABLE = YES;
				IPHONEOS_DEPLOYMENT_TARGET = 13.0;
				MTL_ENABLE_DEBUG_INFO = INCLUDE_SOURCE;
				MTL_FAST_MATH = YES;
				ONLY_ACTIVE_ARCH = YES;
				SDKROOT = iphoneos;
				SWIFT_ACTIVE_COMPILATION_CONDITIONS = DEBUG;
				SWIFT_OPTIMIZATION_LEVEL = "-Onone";
			};
			name = Debug;
		};
		7D9CFA5228DDEE8000D971A7 /* Release */ = {
			isa = XCBuildConfiguration;
			buildSettings = {
				ALWAYS_SEARCH_USER_PATHS = NO;
				CLANG_ANALYZER_NONNULL = YES;
				CLANG_ANALYZER_NUMBER_OBJECT_CONVERSION = YES_AGGRESSIVE;
				CLANG_CXX_LANGUAGE_STANDARD = "gnu++17";
				CLANG_ENABLE_MODULES = YES;
				CLANG_ENABLE_OBJC_ARC = YES;
				CLANG_ENABLE_OBJC_WEAK = YES;
				CLANG_WARN_BLOCK_CAPTURE_AUTORELEASING = YES;
				CLANG_WARN_BOOL_CONVERSION = YES;
				CLANG_WARN_COMMA = YES;
				CLANG_WARN_CONSTANT_CONVERSION = YES;
				CLANG_WARN_DEPRECATED_OBJC_IMPLEMENTATIONS = YES;
				CLANG_WARN_DIRECT_OBJC_ISA_USAGE = YES_ERROR;
				CLANG_WARN_DOCUMENTATION_COMMENTS = YES;
				CLANG_WARN_EMPTY_BODY = YES;
				CLANG_WARN_ENUM_CONVERSION = YES;
				CLANG_WARN_INFINITE_RECURSION = YES;
				CLANG_WARN_INT_CONVERSION = YES;
				CLANG_WARN_NON_LITERAL_NULL_CONVERSION = YES;
				CLANG_WARN_OBJC_IMPLICIT_RETAIN_SELF = YES;
				CLANG_WARN_OBJC_LITERAL_CONVERSION = YES;
				CLANG_WARN_OBJC_ROOT_CLASS = YES_ERROR;
				CLANG_WARN_QUOTED_INCLUDE_IN_FRAMEWORK_HEADER = YES;
				CLANG_WARN_RANGE_LOOP_ANALYSIS = YES;
				CLANG_WARN_STRICT_PROTOTYPES = YES;
				CLANG_WARN_SUSPICIOUS_MOVE = YES;
				CLANG_WARN_UNGUARDED_AVAILABILITY = YES_AGGRESSIVE;
				CLANG_WARN_UNREACHABLE_CODE = YES;
				CLANG_WARN__DUPLICATE_METHOD_MATCH = YES;
				COPY_PHASE_STRIP = NO;
				DEBUG_INFORMATION_FORMAT = "dwarf-with-dsym";
				ENABLE_NS_ASSERTIONS = NO;
				ENABLE_STRICT_OBJC_MSGSEND = YES;
				GCC_C_LANGUAGE_STANDARD = gnu11;
				GCC_NO_COMMON_BLOCKS = YES;
				GCC_WARN_64_TO_32_BIT_CONVERSION = YES;
				GCC_WARN_ABOUT_RETURN_TYPE = YES_ERROR;
				GCC_WARN_UNDECLARED_SELECTOR = YES;
				GCC_WARN_UNINITIALIZED_AUTOS = YES_AGGRESSIVE;
				GCC_WARN_UNUSED_FUNCTION = YES;
				GCC_WARN_UNUSED_VARIABLE = YES;
				IPHONEOS_DEPLOYMENT_TARGET = 13.0;
				MTL_ENABLE_DEBUG_INFO = NO;
				MTL_FAST_MATH = YES;
				SDKROOT = iphoneos;
				SWIFT_COMPILATION_MODE = wholemodule;
				SWIFT_OPTIMIZATION_LEVEL = "-O";
				VALIDATE_PRODUCT = YES;
			};
			name = Release;
		};
		7D9CFA5428DDEE8000D971A7 /* Debug */ = {
			isa = XCBuildConfiguration;
			buildSettings = {
				ASSETCATALOG_COMPILER_APPICON_NAME = AppIcon;
				ASSETCATALOG_COMPILER_GLOBAL_ACCENT_COLOR_NAME = AccentColor;
				CODE_SIGN_STYLE = Automatic;
				CURRENT_PROJECT_VERSION = 1;
				DEVELOPMENT_TEAM = 2F3554K48N;
				GENERATE_INFOPLIST_FILE = YES;
				INFOPLIST_FILE = "Image Feed/Info.plist";
				INFOPLIST_KEY_CFBundleDisplayName = "Image Feed";
				INFOPLIST_KEY_UIApplicationSupportsIndirectInputEvents = YES;
				INFOPLIST_KEY_UILaunchStoryboardName = LaunchScreen;
				INFOPLIST_KEY_UIMainStoryboardFile = Main;
				INFOPLIST_KEY_UISupportedInterfaceOrientations = UIInterfaceOrientationPortrait;
				INFOPLIST_KEY_UISupportedInterfaceOrientations_iPad = "UIInterfaceOrientationPortrait UIInterfaceOrientationPortraitUpsideDown UIInterfaceOrientationLandscapeLeft UIInterfaceOrientationLandscapeRight";
				INFOPLIST_KEY_UISupportedInterfaceOrientations_iPhone = UIInterfaceOrientationPortrait;
				IPHONEOS_DEPLOYMENT_TARGET = 13.0;
				LD_RUNPATH_SEARCH_PATHS = (
					"$(inherited)",
					"@executable_path/Frameworks",
				);
				MARKETING_VERSION = 1.0;
				PRODUCT_BUNDLE_IDENTIFIER = ru.praktikum.ImageFeed.Kaider;
				PRODUCT_NAME = "$(TARGET_NAME)";
				SUPPORTED_PLATFORMS = "iphoneos iphonesimulator";
				SUPPORTS_MACCATALYST = NO;
				SUPPORTS_MAC_DESIGNED_FOR_IPHONE_IPAD = NO;
				SUPPORTS_XR_DESIGNED_FOR_IPHONE_IPAD = NO;
				SWIFT_EMIT_LOC_STRINGS = YES;
				SWIFT_VERSION = 5.0;
				TARGETED_DEVICE_FAMILY = 1;
			};
			name = Debug;
		};
		7D9CFA5528DDEE8000D971A7 /* Release */ = {
			isa = XCBuildConfiguration;
			buildSettings = {
				ASSETCATALOG_COMPILER_APPICON_NAME = AppIcon;
				ASSETCATALOG_COMPILER_GLOBAL_ACCENT_COLOR_NAME = AccentColor;
				CODE_SIGN_STYLE = Automatic;
				CURRENT_PROJECT_VERSION = 1;
				DEVELOPMENT_TEAM = 2F3554K48N;
				GENERATE_INFOPLIST_FILE = YES;
				INFOPLIST_FILE = "Image Feed/Info.plist";
				INFOPLIST_KEY_CFBundleDisplayName = "Image Feed";
				INFOPLIST_KEY_UIApplicationSupportsIndirectInputEvents = YES;
				INFOPLIST_KEY_UILaunchStoryboardName = LaunchScreen;
				INFOPLIST_KEY_UIMainStoryboardFile = Main;
				INFOPLIST_KEY_UISupportedInterfaceOrientations = UIInterfaceOrientationPortrait;
				INFOPLIST_KEY_UISupportedInterfaceOrientations_iPad = "UIInterfaceOrientationPortrait UIInterfaceOrientationPortraitUpsideDown UIInterfaceOrientationLandscapeLeft UIInterfaceOrientationLandscapeRight";
				INFOPLIST_KEY_UISupportedInterfaceOrientations_iPhone = UIInterfaceOrientationPortrait;
				IPHONEOS_DEPLOYMENT_TARGET = 13.0;
				LD_RUNPATH_SEARCH_PATHS = (
					"$(inherited)",
					"@executable_path/Frameworks",
				);
				MARKETING_VERSION = 1.0;
				PRODUCT_BUNDLE_IDENTIFIER = ru.praktikum.ImageFeed.Kaider;
				PRODUCT_NAME = "$(TARGET_NAME)";
				SUPPORTED_PLATFORMS = "iphoneos iphonesimulator";
				SUPPORTS_MACCATALYST = NO;
				SUPPORTS_MAC_DESIGNED_FOR_IPHONE_IPAD = NO;
				SUPPORTS_XR_DESIGNED_FOR_IPHONE_IPAD = NO;
				SWIFT_EMIT_LOC_STRINGS = YES;
				SWIFT_VERSION = 5.0;
				TARGETED_DEVICE_FAMILY = 1;
			};
			name = Release;
		};
/* End XCBuildConfiguration section */

/* Begin XCConfigurationList section */
		7D9CFA3A28DDEE7F00D971A7 /* Build configuration list for PBXProject "Image Feed" */ = {
			isa = XCConfigurationList;
			buildConfigurations = (
				7D9CFA5128DDEE8000D971A7 /* Debug */,
				7D9CFA5228DDEE8000D971A7 /* Release */,
			);
			defaultConfigurationIsVisible = 0;
			defaultConfigurationName = Release;
		};
		7D9CFA5328DDEE8000D971A7 /* Build configuration list for PBXNativeTarget "Image Feed" */ = {
			isa = XCConfigurationList;
			buildConfigurations = (
				7D9CFA5428DDEE8000D971A7 /* Debug */,
				7D9CFA5528DDEE8000D971A7 /* Release */,
			);
			defaultConfigurationIsVisible = 0;
			defaultConfigurationName = Release;
		};
/* End XCConfigurationList section */

/* Begin XCRemoteSwiftPackageReference section */
		C94CE9C22CB58EE3002831B3 /* XCRemoteSwiftPackageReference "ProgressHUD" */ = {
			isa = XCRemoteSwiftPackageReference;
			repositoryURL = "https://github.com/relatedcode/ProgressHUD";
			requirement = {
				kind = upToNextMajorVersion;
				minimumVersion = 14.1.3;
			};
		};
		C974D6962CC5619400665CC2 /* XCRemoteSwiftPackageReference "Kingfisher" */ = {
			isa = XCRemoteSwiftPackageReference;
			repositoryURL = "https://github.com/onevcat/Kingfisher";
			requirement = {
				kind = upToNextMajorVersion;
				minimumVersion = 8.1.0;
			};
		};
		C974D7352CC82C0F00665CC2 /* XCRemoteSwiftPackageReference "SwiftKeychainWrapper" */ = {
			isa = XCRemoteSwiftPackageReference;
			repositoryURL = "https://github.com/jrendel/SwiftKeychainWrapper";
			requirement = {
				kind = upToNextMajorVersion;
				minimumVersion = 4.0.1;
			};
		};
/* End XCRemoteSwiftPackageReference section */

/* Begin XCSwiftPackageProductDependency section */
		C94CE9C32CB58EE3002831B3 /* ProgressHUD */ = {
			isa = XCSwiftPackageProductDependency;
			package = C94CE9C22CB58EE3002831B3 /* XCRemoteSwiftPackageReference "ProgressHUD" */;
			productName = ProgressHUD;
		};
		C974D6972CC5619400665CC2 /* Kingfisher */ = {
			isa = XCSwiftPackageProductDependency;
			package = C974D6962CC5619400665CC2 /* XCRemoteSwiftPackageReference "Kingfisher" */;
			productName = Kingfisher;
		};
		C974D7362CC82C0F00665CC2 /* SwiftKeychainWrapper */ = {
			isa = XCSwiftPackageProductDependency;
			package = C974D7352CC82C0F00665CC2 /* XCRemoteSwiftPackageReference "SwiftKeychainWrapper" */;
			productName = SwiftKeychainWrapper;
		};
/* End XCSwiftPackageProductDependency section */
	};
	rootObject = 7D9CFA3728DDEE7F00D971A7 /* Project object */;
}
